
Microsoft Visual Studio Solution File, Format Version 12.00
# Visual Studio Version 17
VisualStudioVersion = 17.11.35327.3
MinimumVisualStudioVersion = 10.0.40219.1
Project("{FAE04EC0-301F-11D3-BF4B-00C04F79EFBC}") = "Dev Teen Bot", "Dev Teen Bot\Dev Teen Bot.csproj", "{16ABD84B-C0AB-4BBF-A5FD-F42606A76377}"
EndProject
Global
	GlobalSection(SolutionConfigurationPlatforms) = preSolution
		Debug|Any CPU = Debug|Any CPU
		Release|Any CPU = Release|Any CPU
	EndGlobalSection
	GlobalSection(ProjectConfigurationPlatforms) = postSolution
		{16ABD84B-C0AB-4BBF-A5FD-F42606A76377}.Debug|Any CPU.ActiveCfg = Debug|Any CPU
		{16ABD84B-C0AB-4BBF-A5FD-F42606A76377}.Debug|Any CPU.Build.0 = Debug|Any CPU
		{16ABD84B-C0AB-4BBF-A5FD-F42606A76377}.Release|Any CPU.ActiveCfg = Release|Any CPU
		{16ABD84B-C0AB-4BBF-A5FD-F42606A76377}.Release|Any CPU.Build.0 = Release|Any CPU
	EndGlobalSection
	GlobalSection(SolutionProperties) = preSolution
		HideSolutionNode = FALSE
	EndGlobalSection
	GlobalSection(ExtensibilityGlobals) = postSolution
		SolutionGuid = {DC5EAAC4-2234-46C3-A4D4-8D6E54F939F1}
	EndGlobalSection
EndGlobal
